
Microsoft Visual Studio Solution File, Format Version 12.00
# Visual Studio Version 17
VisualStudioVersion = 17.3.32819.101
MinimumVisualStudioVersion = 10.0.40219.1
Project("{FAE04EC0-301F-11D3-BF4B-00C04F79EFBC}") = "28.09.22-81,29", "28.09.22-81,29\28.09.22-81,29.csproj", "{2341FBE0-792D-43C4-B0A0-39B7E71C0EBE}"
EndProject
Global
	GlobalSection(SolutionConfigurationPlatforms) = preSolution
		Debug|Any CPU = Debug|Any CPU
		Release|Any CPU = Release|Any CPU
	EndGlobalSection
	GlobalSection(ProjectConfigurationPlatforms) = postSolution
		{2341FBE0-792D-43C4-B0A0-39B7E71C0EBE}.Debug|Any CPU.ActiveCfg = Debug|Any CPU
		{2341FBE0-792D-43C4-B0A0-39B7E71C0EBE}.Debug|Any CPU.Build.0 = Debug|Any CPU
		{2341FBE0-792D-43C4-B0A0-39B7E71C0EBE}.Release|Any CPU.ActiveCfg = Release|Any CPU
		{2341FBE0-792D-43C4-B0A0-39B7E71C0EBE}.Release|Any CPU.Build.0 = Release|Any CPU
	EndGlobalSection
	GlobalSection(SolutionProperties) = preSolution
		HideSolutionNode = FALSE
	EndGlobalSection
	GlobalSection(ExtensibilityGlobals) = postSolution
		SolutionGuid = {CDE2FFEA-4650-4CD6-AA31-04E7CBD8DE95}
	EndGlobalSection
EndGlobal
