
Microsoft Visual Studio Solution File, Format Version 12.00
# Visual Studio Version 17
VisualStudioVersion = 17.3.32819.101
MinimumVisualStudioVersion = 10.0.40219.1
Project("{FAE04EC0-301F-11D3-BF4B-00C04F79EFBC}") = "28.09.22-81,30", "28.09.22-81,30\28.09.22-81,30.csproj", "{A8BB6441-4724-4C77-ABCE-6ECBC367F9FF}"
EndProject
Global
	GlobalSection(SolutionConfigurationPlatforms) = preSolution
		Debug|Any CPU = Debug|Any CPU
		Release|Any CPU = Release|Any CPU
	EndGlobalSection
	GlobalSection(ProjectConfigurationPlatforms) = postSolution
		{A8BB6441-4724-4C77-ABCE-6ECBC367F9FF}.Debug|Any CPU.ActiveCfg = Debug|Any CPU
		{A8BB6441-4724-4C77-ABCE-6ECBC367F9FF}.Debug|Any CPU.Build.0 = Debug|Any CPU
		{A8BB6441-4724-4C77-ABCE-6ECBC367F9FF}.Release|Any CPU.ActiveCfg = Release|Any CPU
		{A8BB6441-4724-4C77-ABCE-6ECBC367F9FF}.Release|Any CPU.Build.0 = Release|Any CPU
	EndGlobalSection
	GlobalSection(SolutionProperties) = preSolution
		HideSolutionNode = FALSE
	EndGlobalSection
	GlobalSection(ExtensibilityGlobals) = postSolution
		SolutionGuid = {1348FFB9-2368-476D-AA77-96D50A529035}
	EndGlobalSection
EndGlobal
